// !$*UTF8*$!
{
	archiveVersion = 1;
	classes = {
	};
	objectVersion = 50;
	objects = {

/* Begin PBXBuildFile section */
		204EC2E025E8937D00160090 /* CoreDataProjectApp.swift in Sources */ = {isa = PBXBuildFile; fileRef = 204EC2DF25E8937D00160090 /* CoreDataProjectApp.swift */; };
		204EC2E225E8937D00160090 /* ContentView.swift in Sources */ = {isa = PBXBuildFile; fileRef = 204EC2E125E8937D00160090 /* ContentView.swift */; };
		204EC2E425E8938000160090 /* Assets.xcassets in Resources */ = {isa = PBXBuildFile; fileRef = 204EC2E325E8938000160090 /* Assets.xcassets */; };
		204EC2E725E8938000160090 /* Preview Assets.xcassets in Resources */ = {isa = PBXBuildFile; fileRef = 204EC2E625E8938000160090 /* Preview Assets.xcassets */; };
		204EC2E925E8938000160090 /* Persistence.swift in Sources */ = {isa = PBXBuildFile; fileRef = 204EC2E825E8938000160090 /* Persistence.swift */; };
		204EC2EC25E8938000160090 /* CoreDataProject.xcdatamodeld in Sources */ = {isa = PBXBuildFile; fileRef = 204EC2EA25E8938000160090 /* CoreDataProject.xcdatamodeld */; };
		204EC2F625E8CB3400160090 /* Singer+CoreDataClass.swift in Sources */ = {isa = PBXBuildFile; fileRef = 204EC2F425E8CB3400160090 /* Singer+CoreDataClass.swift */; };
		204EC2F725E8CB3400160090 /* Singer+CoreDataProperties.swift in Sources */ = {isa = PBXBuildFile; fileRef = 204EC2F525E8CB3400160090 /* Singer+CoreDataProperties.swift */; };
		204EC2FA25E8D0FD00160090 /* FilteredList.swift in Sources */ = {isa = PBXBuildFile; fileRef = 204EC2F925E8D0FD00160090 /* FilteredList.swift */; };
		204EC30025E8DF3A00160090 /* Country+CoreDataClass.swift in Sources */ = {isa = PBXBuildFile; fileRef = 204EC2FC25E8DF3A00160090 /* Country+CoreDataClass.swift */; };
		204EC30125E8DF3A00160090 /* Country+CoreDataProperties.swift in Sources */ = {isa = PBXBuildFile; fileRef = 204EC2FD25E8DF3A00160090 /* Country+CoreDataProperties.swift */; };
		204EC30225E8DF3A00160090 /* Candy+CoreDataClass.swift in Sources */ = {isa = PBXBuildFile; fileRef = 204EC2FE25E8DF3A00160090 /* Candy+CoreDataClass.swift */; };
		204EC30325E8DF3A00160090 /* Candy+CoreDataProperties.swift in Sources */ = {isa = PBXBuildFile; fileRef = 204EC2FF25E8DF3A00160090 /* Candy+CoreDataProperties.swift */; };
/* End PBXBuildFile section */

/* Begin PBXFileReference section */
		204EC2DC25E8937D00160090 /* CoreDataProject.app */ = {isa = PBXFileReference; explicitFileType = wrapper.application; includeInIndex = 0; path = CoreDataProject.app; sourceTree = BUILT_PRODUCTS_DIR; };
		204EC2DF25E8937D00160090 /* CoreDataProjectApp.swift */ = {isa = PBXFileReference; lastKnownFileType = sourcecode.swift; path = CoreDataProjectApp.swift; sourceTree = "<group>"; };
		204EC2E125E8937D00160090 /* ContentView.swift */ = {isa = PBXFileReference; lastKnownFileType = sourcecode.swift; path = ContentView.swift; sourceTree = "<group>"; };
		204EC2E325E8938000160090 /* Assets.xcassets */ = {isa = PBXFileReference; lastKnownFileType = folder.assetcatalog; path = Assets.xcassets; sourceTree = "<group>"; };
		204EC2E625E8938000160090 /* Preview Assets.xcassets */ = {isa = PBXFileReference; lastKnownFileType = folder.assetcatalog; path = "Preview Assets.xcassets"; sourceTree = "<group>"; };
		204EC2E825E8938000160090 /* Persistence.swift */ = {isa = PBXFileReference; lastKnownFileType = sourcecode.swift; path = Persistence.swift; sourceTree = "<group>"; };
		204EC2EB25E8938000160090 /* CoreDataProject.xcdatamodel */ = {isa = PBXFileReference; lastKnownFileType = wrapper.xcdatamodel; path = CoreDataProject.xcdatamodel; sourceTree = "<group>"; };
		204EC2ED25E8938000160090 /* Info.plist */ = {isa = PBXFileReference; lastKnownFileType = text.plist.xml; path = Info.plist; sourceTree = "<group>"; };
		204EC2F425E8CB3400160090 /* Singer+CoreDataClass.swift */ = {isa = PBXFileReference; lastKnownFileType = sourcecode.swift; path = "Singer+CoreDataClass.swift"; sourceTree = "<group>"; };
		204EC2F525E8CB3400160090 /* Singer+CoreDataProperties.swift */ = {isa = PBXFileReference; lastKnownFileType = sourcecode.swift; path = "Singer+CoreDataProperties.swift"; sourceTree = "<group>"; };
		204EC2F925E8D0FD00160090 /* FilteredList.swift */ = {isa = PBXFileReference; lastKnownFileType = sourcecode.swift; path = FilteredList.swift; sourceTree = "<group>"; };
		204EC2FC25E8DF3A00160090 /* Country+CoreDataClass.swift */ = {isa = PBXFileReference; lastKnownFileType = sourcecode.swift; path = "Country+CoreDataClass.swift"; sourceTree = SOURCE_ROOT; };
		204EC2FD25E8DF3A00160090 /* Country+CoreDataProperties.swift */ = {isa = PBXFileReference; lastKnownFileType = sourcecode.swift; path = "Country+CoreDataProperties.swift"; sourceTree = SOURCE_ROOT; };
		204EC2FE25E8DF3A00160090 /* Candy+CoreDataClass.swift */ = {isa = PBXFileReference; lastKnownFileType = sourcecode.swift; path = "Candy+CoreDataClass.swift"; sourceTree = SOURCE_ROOT; };
		204EC2FF25E8DF3A00160090 /* Candy+CoreDataProperties.swift */ = {isa = PBXFileReference; lastKnownFileType = sourcecode.swift; path = "Candy+CoreDataProperties.swift"; sourceTree = SOURCE_ROOT; };
/* End PBXFileReference section */

/* Begin PBXFrameworksBuildPhase section */
		204EC2D925E8937D00160090 /* Frameworks */ = {
			isa = PBXFrameworksBuildPhase;
			buildActionMask = 2147483647;
			files = (
			);
			runOnlyForDeploymentPostprocessing = 0;
		};
/* End PBXFrameworksBuildPhase section */

/* Begin PBXGroup section */
		204EC2D325E8937D00160090 = {
			isa = PBXGroup;
			children = (
				204EC2DE25E8937D00160090 /* CoreDataProject */,
				204EC2DD25E8937D00160090 /* Products */,
			);
			sourceTree = "<group>";
		};
		204EC2DD25E8937D00160090 /* Products */ = {
			isa = PBXGroup;
			children = (
				204EC2DC25E8937D00160090 /* CoreDataProject.app */,
			);
			name = Products;
			sourceTree = "<group>";
		};
		204EC2DE25E8937D00160090 /* CoreDataProject */ = {
			isa = PBXGroup;
			children = (
				204EC2FC25E8DF3A00160090 /* Country+CoreDataClass.swift */,
				204EC2FD25E8DF3A00160090 /* Country+CoreDataProperties.swift */,
				204EC2FE25E8DF3A00160090 /* Candy+CoreDataClass.swift */,
				204EC2FF25E8DF3A00160090 /* Candy+CoreDataProperties.swift */,
				204EC2F425E8CB3400160090 /* Singer+CoreDataClass.swift */,
				204EC2F525E8CB3400160090 /* Singer+CoreDataProperties.swift */,
				204EC2DF25E8937D00160090 /* CoreDataProjectApp.swift */,
				204EC2E125E8937D00160090 /* ContentView.swift */,
				204EC2E325E8938000160090 /* Assets.xcassets */,
				204EC2E825E8938000160090 /* Persistence.swift */,
				204EC2ED25E8938000160090 /* Info.plist */,
				204EC2EA25E8938000160090 /* CoreDataProject.xcdatamodeld */,
				204EC2E525E8938000160090 /* Preview Content */,
				204EC2F925E8D0FD00160090 /* FilteredList.swift */,
			);
			path = CoreDataProject;
			sourceTree = "<group>";
		};
		204EC2E525E8938000160090 /* Preview Content */ = {
			isa = PBXGroup;
			children = (
				204EC2E625E8938000160090 /* Preview Assets.xcassets */,
			);
			path = "Preview Content";
			sourceTree = "<group>";
		};
/* End PBXGroup section */

/* Begin PBXNativeTarget section */
		204EC2DB25E8937D00160090 /* CoreDataProject */ = {
			isa = PBXNativeTarget;
			buildConfigurationList = 204EC2F025E8938000160090 /* Build configuration list for PBXNativeTarget "CoreDataProject" */;
			buildPhases = (
				204EC2D825E8937D00160090 /* Sources */,
				204EC2D925E8937D00160090 /* Frameworks */,
				204EC2DA25E8937D00160090 /* Resources */,
			);
			buildRules = (
			);
			dependencies = (
			);
			name = CoreDataProject;
			productName = CoreDataProject;
			productReference = 204EC2DC25E8937D00160090 /* CoreDataProject.app */;
			productType = "com.apple.product-type.application";
		};
/* End PBXNativeTarget section */

/* Begin PBXProject section */
		204EC2D425E8937D00160090 /* Project object */ = {
			isa = PBXProject;
			attributes = {
				LastSwiftUpdateCheck = 1220;
				LastUpgradeCheck = 1220;
				TargetAttributes = {
					204EC2DB25E8937D00160090 = {
						CreatedOnToolsVersion = 12.2;
					};
				};
			};
			buildConfigurationList = 204EC2D725E8937D00160090 /* Build configuration list for PBXProject "CoreDataProject" */;
			compatibilityVersion = "Xcode 9.3";
			developmentRegion = en;
			hasScannedForEncodings = 0;
			knownRegions = (
				en,
				Base,
			);
			mainGroup = 204EC2D325E8937D00160090;
			productRefGroup = 204EC2DD25E8937D00160090 /* Products */;
			projectDirPath = "";
			projectRoot = "";
			targets = (
				204EC2DB25E8937D00160090 /* CoreDataProject */,
			);
		};
/* End PBXProject section */

/* Begin PBXResourcesBuildPhase section */
		204EC2DA25E8937D00160090 /* Resources */ = {
			isa = PBXResourcesBuildPhase;
			buildActionMask = 2147483647;
			files = (
				204EC2E725E8938000160090 /* Preview Assets.xcassets in Resources */,
				204EC2E425E8938000160090 /* Assets.xcassets in Resources */,
			);
			runOnlyForDeploymentPostprocessing = 0;
		};
/* End PBXResourcesBuildPhase section */

/* Begin PBXSourcesBuildPhase section */
		204EC2D825E8937D00160090 /* Sources */ = {
			isa = PBXSourcesBuildPhase;
			buildActionMask = 2147483647;
			files = (
				204EC2E925E8938000160090 /* Persistence.swift in Sources */,
				204EC30225E8DF3A00160090 /* Candy+CoreDataClass.swift in Sources */,
				204EC30325E8DF3A00160090 /* Candy+CoreDataProperties.swift in Sources */,
				204EC2F725E8CB3400160090 /* Singer+CoreDataProperties.swift in Sources */,
				204EC2E225E8937D00160090 /* ContentView.swift in Sources */,
				204EC2F625E8CB3400160090 /* Singer+CoreDataClass.swift in Sources */,
				204EC2EC25E8938000160090 /* CoreDataProject.xcdatamodeld in Sources */,
				204EC2E025E8937D00160090 /* CoreDataProjectApp.swift in Sources */,
				204EC30025E8DF3A00160090 /* Country+CoreDataClass.swift in Sources */,
				204EC2FA25E8D0FD00160090 /* FilteredList.swift in Sources */,
				204EC30125E8DF3A00160090 /* Country+CoreDataProperties.swift in Sources */,
			);
			runOnlyForDeploymentPostprocessing = 0;
		};
/* End PBXSourcesBuildPhase section */

/* Begin XCBuildConfiguration section */
		204EC2EE25E8938000160090 /* Debug */ = {
			isa = XCBuildConfiguration;
			buildSettings = {
				ALWAYS_SEARCH_USER_PATHS = NO;
				CLANG_ANALYZER_NONNULL = YES;
				CLANG_ANALYZER_NUMBER_OBJECT_CONVERSION = YES_AGGRESSIVE;
				CLANG_CXX_LANGUAGE_STANDARD = "gnu++14";
				CLANG_CXX_LIBRARY = "libc++";
				CLANG_ENABLE_MODULES = YES;
				CLANG_ENABLE_OBJC_ARC = YES;
				CLANG_ENABLE_OBJC_WEAK = YES;
				CLANG_WARN_BLOCK_CAPTURE_AUTORELEASING = YES;
				CLANG_WARN_BOOL_CONVERSION = YES;
				CLANG_WARN_COMMA = YES;
				CLANG_WARN_CONSTANT_CONVERSION = YES;
				CLANG_WARN_DEPRECATED_OBJC_IMPLEMENTATIONS = YES;
				CLANG_WARN_DIRECT_OBJC_ISA_USAGE = YES_ERROR;
				CLANG_WARN_DOCUMENTATION_COMMENTS = YES;
				CLANG_WARN_EMPTY_BODY = YES;
				CLANG_WARN_ENUM_CONVERSION = YES;
				CLANG_WARN_INFINITE_RECURSION = YES;
				CLANG_WARN_INT_CONVERSION = YES;
				CLANG_WARN_NON_LITERAL_NULL_CONVERSION = YES;
				CLANG_WARN_OBJC_IMPLICIT_RETAIN_SELF = YES;
				CLANG_WARN_OBJC_LITERAL_CONVERSION = YES;
				CLANG_WARN_OBJC_ROOT_CLASS = YES_ERROR;
				CLANG_WARN_QUOTED_INCLUDE_IN_FRAMEWORK_HEADER = YES;
				CLANG_WARN_RANGE_LOOP_ANALYSIS = YES;
				CLANG_WARN_STRICT_PROTOTYPES = YES;
				CLANG_WARN_SUSPICIOUS_MOVE = YES;
				CLANG_WARN_UNGUARDED_AVAILABILITY = YES_AGGRESSIVE;
				CLANG_WARN_UNREACHABLE_CODE = YES;
				CLANG_WARN__DUPLICATE_METHOD_MATCH = YES;
				COPY_PHASE_STRIP = NO;
				DEBUG_INFORMATION_FORMAT = dwarf;
				ENABLE_STRICT_OBJC_MSGSEND = YES;
				ENABLE_TESTABILITY = YES;
				GCC_C_LANGUAGE_STANDARD = gnu11;
				GCC_DYNAMIC_NO_PIC = NO;
				GCC_NO_COMMON_BLOCKS = YES;
				GCC_OPTIMIZATION_LEVEL = 0;
				GCC_PREPROCESSOR_DEFINITIONS = (
					"DEBUG=1",
					"$(inherited)",
				);
				GCC_WARN_64_TO_32_BIT_CONVERSION = YES;
				GCC_WARN_ABOUT_RETURN_TYPE = YES_ERROR;
				GCC_WARN_UNDECLARED_SELECTOR = YES;
				GCC_WARN_UNINITIALIZED_AUTOS = YES_AGGRESSIVE;
				GCC_WARN_UNUSED_FUNCTION = YES;
				GCC_WARN_UNUSED_VARIABLE = YES;
				IPHONEOS_DEPLOYMENT_TARGET = 14.2;
				MTL_ENABLE_DEBUG_INFO = INCLUDE_SOURCE;
				MTL_FAST_MATH = YES;
				ONLY_ACTIVE_ARCH = YES;
				SDKROOT = iphoneos;
				SWIFT_ACTIVE_COMPILATION_CONDITIONS = DEBUG;
				SWIFT_OPTIMIZATION_LEVEL = "-Onone";
			};
			name = Debug;
		};
		204EC2EF25E8938000160090 /* Release */ = {
			isa = XCBuildConfiguration;
			buildSettings = {
				ALWAYS_SEARCH_USER_PATHS = NO;
				CLANG_ANALYZER_NONNULL = YES;
				CLANG_ANALYZER_NUMBER_OBJECT_CONVERSION = YES_AGGRESSIVE;
				CLANG_CXX_LANGUAGE_STANDARD = "gnu++14";
				CLANG_CXX_LIBRARY = "libc++";
				CLANG_ENABLE_MODULES = YES;
				CLANG_ENABLE_OBJC_ARC = YES;
				CLANG_ENABLE_OBJC_WEAK = YES;
				CLANG_WARN_BLOCK_CAPTURE_AUTORELEASING = YES;
				CLANG_WARN_BOOL_CONVERSION = YES;
				CLANG_WARN_COMMA = YES;
				CLANG_WARN_CONSTANT_CONVERSION = YES;
				CLANG_WARN_DEPRECATED_OBJC_IMPLEMENTATIONS = YES;
				CLANG_WARN_DIRECT_OBJC_ISA_USAGE = YES_ERROR;
				CLANG_WARN_DOCUMENTATION_COMMENTS = YES;
				CLANG_WARN_EMPTY_BODY = YES;
				CLANG_WARN_ENUM_CONVERSION = YES;
				CLANG_WARN_INFINITE_RECURSION = YES;
				CLANG_WARN_INT_CONVERSION = YES;
				CLANG_WARN_NON_LITERAL_NULL_CONVERSION = YES;
				CLANG_WARN_OBJC_IMPLICIT_RETAIN_SELF = YES;
				CLANG_WARN_OBJC_LITERAL_CONVERSION = YES;
				CLANG_WARN_OBJC_ROOT_CLASS = YES_ERROR;
				CLANG_WARN_QUOTED_INCLUDE_IN_FRAMEWORK_HEADER = YES;
				CLANG_WARN_RANGE_LOOP_ANALYSIS = YES;
				CLANG_WARN_STRICT_PROTOTYPES = YES;
				CLANG_WARN_SUSPICIOUS_MOVE = YES;
				CLANG_WARN_UNGUARDED_AVAILABILITY = YES_AGGRESSIVE;
				CLANG_WARN_UNREACHABLE_CODE = YES;
				CLANG_WARN__DUPLICATE_METHOD_MATCH = YES;
				COPY_PHASE_STRIP = NO;
				DEBUG_INFORMATION_FORMAT = "dwarf-with-dsym";
				ENABLE_NS_ASSERTIONS = NO;
				ENABLE_STRICT_OBJC_MSGSEND = YES;
				GCC_C_LANGUAGE_STANDARD = gnu11;
				GCC_NO_COMMON_BLOCKS = YES;
				GCC_WARN_64_TO_32_BIT_CONVERSION = YES;
				GCC_WARN_ABOUT_RETURN_TYPE = YES_ERROR;
				GCC_WARN_UNDECLARED_SELECTOR = YES;
				GCC_WARN_UNINITIALIZED_AUTOS = YES_AGGRESSIVE;
				GCC_WARN_UNUSED_FUNCTION = YES;
				GCC_WARN_UNUSED_VARIABLE = YES;
				IPHONEOS_DEPLOYMENT_TARGET = 14.2;
				MTL_ENABLE_DEBUG_INFO = NO;
				MTL_FAST_MATH = YES;
				SDKROOT = iphoneos;
				SWIFT_COMPILATION_MODE = wholemodule;
				SWIFT_OPTIMIZATION_LEVEL = "-O";
				VALIDATE_PRODUCT = YES;
			};
			name = Release;
		};
		204EC2F125E8938000160090 /* Debug */ = {
			isa = XCBuildConfiguration;
			buildSettings = {
				ASSETCATALOG_COMPILER_APPICON_NAME = AppIcon;
				ASSETCATALOG_COMPILER_GLOBAL_ACCENT_COLOR_NAME = AccentColor;
				CODE_SIGN_STYLE = Automatic;
				DEVELOPMENT_ASSET_PATHS = "\"CoreDataProject/Preview Content\"";
				ENABLE_PREVIEWS = YES;
				INFOPLIST_FILE = CoreDataProject/Info.plist;
				IPHONEOS_DEPLOYMENT_TARGET = 14.0;
				LD_RUNPATH_SEARCH_PATHS = (
					"$(inherited)",
					"@executable_path/Frameworks",
				);
				PRODUCT_BUNDLE_IDENTIFIER = me.liang.yong.CoreDataProject;
				PRODUCT_NAME = "$(TARGET_NAME)";
				SWIFT_VERSION = 5.0;
				TARGETED_DEVICE_FAMILY = "1,2";
			};
			name = Debug;
		};
		204EC2F225E8938000160090 /* Release */ = {
			isa = XCBuildConfiguration;
			buildSettings = {
				ASSETCATALOG_COMPILER_APPICON_NAME = AppIcon;
				ASSETCATALOG_COMPILER_GLOBAL_ACCENT_COLOR_NAME = AccentColor;
				CODE_SIGN_STYLE = Automatic;
				DEVELOPMENT_ASSET_PATHS = "\"CoreDataProject/Preview Content\"";
				ENABLE_PREVIEWS = YES;
				INFOPLIST_FILE = CoreDataProject/Info.plist;
				IPHONEOS_DEPLOYMENT_TARGET = 14.0;
				LD_RUNPATH_SEARCH_PATHS = (
					"$(inherited)",
					"@executable_path/Frameworks",
				);
				PRODUCT_BUNDLE_IDENTIFIER = me.liang.yong.CoreDataProject;
				PRODUCT_NAME = "$(TARGET_NAME)";
				SWIFT_VERSION = 5.0;
				TARGETED_DEVICE_FAMILY = "1,2";
			};
			name = Release;
		};
/* End XCBuildConfiguration section */

/* Begin XCConfigurationList section */
		204EC2D725E8937D00160090 /* Build configuration list for PBXProject "CoreDataProject" */ = {
			isa = XCConfigurationList;
			buildConfigurations = (
				204EC2EE25E8938000160090 /* Debug */,
				204EC2EF25E8938000160090 /* Release */,
			);
			defaultConfigurationIsVisible = 0;
			defaultConfigurationName = Release;
		};
		204EC2F025E8938000160090 /* Build configuration list for PBXNativeTarget "CoreDataProject" */ = {
			isa = XCConfigurationList;
			buildConfigurations = (
				204EC2F125E8938000160090 /* Debug */,
				204EC2F225E8938000160090 /* Release */,
			);
			defaultConfigurationIsVisible = 0;
			defaultConfigurationName = Release;
		};
/* End XCConfigurationList section */

/* Begin XCVersionGroup section */
		204EC2EA25E8938000160090 /* CoreDataProject.xcdatamodeld */ = {
			isa = XCVersionGroup;
			children = (
				204EC2EB25E8938000160090 /* CoreDataProject.xcdatamodel */,
			);
			currentVersion = 204EC2EB25E8938000160090 /* CoreDataProject.xcdatamodel */;
			path = CoreDataProject.xcdatamodeld;
			sourceTree = "<group>";
			versionGroupType = wrapper.xcdatamodel;
		};
/* End XCVersionGroup section */
	};
	rootObject = 204EC2D425E8937D00160090 /* Project object */;
}
